// !$*UTF8*$!
{
	archiveVersion = 1;
	classes = {
	};
	objectVersion = 55;
	objects = {

/* Begin PBXBuildFile section */
		CE82CBC928602721009CB5B0 /* Source.m4v in Resources */ = {isa = PBXBuildFile; fileRef = CE82CBC828602721009CB5B0 /* Source.m4v */; };
		CED5EA09285E8E690014FB95 /* TestFFmpegKitSwiftUIApp.swift in Sources */ = {isa = PBXBuildFile; fileRef = CED5EA08285E8E690014FB95 /* TestFFmpegKitSwiftUIApp.swift */; };
		CED5EA0B285E8E690014FB95 /* ContentView.swift in Sources */ = {isa = PBXBuildFile; fileRef = CED5EA0A285E8E690014FB95 /* ContentView.swift */; };
		CED5EA0D285E8E6B0014FB95 /* Assets.xcassets in Resources */ = {isa = PBXBuildFile; fileRef = CED5EA0C285E8E6B0014FB95 /* Assets.xcassets */; };
		CED5EA10285E8E6B0014FB95 /* Preview Assets.xcassets in Resources */ = {isa = PBXBuildFile; fileRef = CED5EA0F285E8E6B0014FB95 /* Preview Assets.xcassets */; };
		CED5EA20285E8EA10014FB95 /* libavfilter.xcframework in Frameworks */ = {isa = PBXBuildFile; fileRef = CED5EA18285E8EA00014FB95 /* libavfilter.xcframework */; };
		CED5EA21285E8EA10014FB95 /* libavfilter.xcframework in Embed Frameworks */ = {isa = PBXBuildFile; fileRef = CED5EA18285E8EA00014FB95 /* libavfilter.xcframework */; settings = {ATTRIBUTES = (CodeSignOnCopy, RemoveHeadersOnCopy, ); }; };
		CED5EA22285E8EA10014FB95 /* ffmpegkit.xcframework in Frameworks */ = {isa = PBXBuildFile; fileRef = CED5EA19285E8EA00014FB95 /* ffmpegkit.xcframework */; };
		CED5EA23285E8EA10014FB95 /* ffmpegkit.xcframework in Embed Frameworks */ = {isa = PBXBuildFile; fileRef = CED5EA19285E8EA00014FB95 /* ffmpegkit.xcframework */; settings = {ATTRIBUTES = (CodeSignOnCopy, RemoveHeadersOnCopy, ); }; };
		CED5EA24285E8EA10014FB95 /* libswresample.xcframework in Frameworks */ = {isa = PBXBuildFile; fileRef = CED5EA1A285E8EA00014FB95 /* libswresample.xcframework */; };
		CED5EA25285E8EA10014FB95 /* libswresample.xcframework in Embed Frameworks */ = {isa = PBXBuildFile; fileRef = CED5EA1A285E8EA00014FB95 /* libswresample.xcframework */; settings = {ATTRIBUTES = (CodeSignOnCopy, RemoveHeadersOnCopy, ); }; };
		CED5EA26285E8EA10014FB95 /* libswscale.xcframework in Frameworks */ = {isa = PBXBuildFile; fileRef = CED5EA1B285E8EA00014FB95 /* libswscale.xcframework */; };
		CED5EA27285E8EA10014FB95 /* libswscale.xcframework in Embed Frameworks */ = {isa = PBXBuildFile; fileRef = CED5EA1B285E8EA00014FB95 /* libswscale.xcframework */; settings = {ATTRIBUTES = (CodeSignOnCopy, RemoveHeadersOnCopy, ); }; };
		CED5EA28285E8EA10014FB95 /* libavformat.xcframework in Frameworks */ = {isa = PBXBuildFile; fileRef = CED5EA1C285E8EA00014FB95 /* libavformat.xcframework */; };
		CED5EA29285E8EA10014FB95 /* libavformat.xcframework in Embed Frameworks */ = {isa = PBXBuildFile; fileRef = CED5EA1C285E8EA00014FB95 /* libavformat.xcframework */; settings = {ATTRIBUTES = (CodeSignOnCopy, RemoveHeadersOnCopy, ); }; };
		CED5EA2A285E8EA10014FB95 /* libavcodec.xcframework in Frameworks */ = {isa = PBXBuildFile; fileRef = CED5EA1D285E8EA00014FB95 /* libavcodec.xcframework */; };
		CED5EA2B285E8EA10014FB95 /* libavcodec.xcframework in Embed Frameworks */ = {isa = PBXBuildFile; fileRef = CED5EA1D285E8EA00014FB95 /* libavcodec.xcframework */; settings = {ATTRIBUTES = (CodeSignOnCopy, RemoveHeadersOnCopy, ); }; };
		CED5EA2C285E8EA10014FB95 /* libavdevice.xcframework in Frameworks */ = {isa = PBXBuildFile; fileRef = CED5EA1E285E8EA00014FB95 /* libavdevice.xcframework */; };
		CED5EA2D285E8EA10014FB95 /* libavdevice.xcframework in Embed Frameworks */ = {isa = PBXBuildFile; fileRef = CED5EA1E285E8EA00014FB95 /* libavdevice.xcframework */; settings = {ATTRIBUTES = (CodeSignOnCopy, RemoveHeadersOnCopy, ); }; };
		CED5EA2E285E8EA10014FB95 /* libavutil.xcframework in Frameworks */ = {isa = PBXBuildFile; fileRef = CED5EA1F285E8EA10014FB95 /* libavutil.xcframework */; };
		CED5EA2F285E8EA10014FB95 /* libavutil.xcframework in Embed Frameworks */ = {isa = PBXBuildFile; fileRef = CED5EA1F285E8EA10014FB95 /* libavutil.xcframework */; settings = {ATTRIBUTES = (CodeSignOnCopy, RemoveHeadersOnCopy, ); }; };
/* End PBXBuildFile section */

/* Begin PBXCopyFilesBuildPhase section */
		CED5EA30285E8EA10014FB95 /* Embed Frameworks */ = {
			isa = PBXCopyFilesBuildPhase;
			buildActionMask = 2147483647;
			dstPath = "";
			dstSubfolderSpec = 10;
			files = (
				CED5EA2F285E8EA10014FB95 /* libavutil.xcframework in Embed Frameworks */,
				CED5EA2D285E8EA10014FB95 /* libavdevice.xcframework in Embed Frameworks */,
				CED5EA21285E8EA10014FB95 /* libavfilter.xcframework in Embed Frameworks */,
				CED5EA2B285E8EA10014FB95 /* libavcodec.xcframework in Embed Frameworks */,
				CED5EA25285E8EA10014FB95 /* libswresample.xcframework in Embed Frameworks */,
				CED5EA27285E8EA10014FB95 /* libswscale.xcframework in Embed Frameworks */,
				CED5EA23285E8EA10014FB95 /* ffmpegkit.xcframework in Embed Frameworks */,
				CED5EA29285E8EA10014FB95 /* libavformat.xcframework in Embed Frameworks */,
			);
			name = "Embed Frameworks";
			runOnlyForDeploymentPostprocessing = 0;
		};
/* End PBXCopyFilesBuildPhase section */

/* Begin PBXFileReference section */
		CE82CBC828602721009CB5B0 /* Source.m4v */ = {isa = PBXFileReference; lastKnownFileType = file; path = Source.m4v; sourceTree = "<group>"; };
		CED5EA05285E8E690014FB95 /* TestFFmpegKitSwiftUI.app */ = {isa = PBXFileReference; explicitFileType = wrapper.application; includeInIndex = 0; path = TestFFmpegKitSwiftUI.app; sourceTree = BUILT_PRODUCTS_DIR; };
		CED5EA08285E8E690014FB95 /* TestFFmpegKitSwiftUIApp.swift */ = {isa = PBXFileReference; lastKnownFileType = sourcecode.swift; path = TestFFmpegKitSwiftUIApp.swift; sourceTree = "<group>"; };
		CED5EA0A285E8E690014FB95 /* ContentView.swift */ = {isa = PBXFileReference; lastKnownFileType = sourcecode.swift; path = ContentView.swift; sourceTree = "<group>"; };
		CED5EA0C285E8E6B0014FB95 /* Assets.xcassets */ = {isa = PBXFileReference; lastKnownFileType = folder.assetcatalog; path = Assets.xcassets; sourceTree = "<group>"; };
		CED5EA0F285E8E6B0014FB95 /* Preview Assets.xcassets */ = {isa = PBXFileReference; lastKnownFileType = folder.assetcatalog; path = "Preview Assets.xcassets"; sourceTree = "<group>"; };
		CED5EA11285E8E6B0014FB95 /* TestFFmpegKitSwiftUI.entitlements */ = {isa = PBXFileReference; lastKnownFileType = text.plist.entitlements; path = TestFFmpegKitSwiftUI.entitlements; sourceTree = "<group>"; };
		CED5EA18285E8EA00014FB95 /* libavfilter.xcframework */ = {isa = PBXFileReference; lastKnownFileType = wrapper.xcframework; name = libavfilter.xcframework; path = Libraries/libavfilter.xcframework; sourceTree = "<group>"; };
		CED5EA19285E8EA00014FB95 /* ffmpegkit.xcframework */ = {isa = PBXFileReference; lastKnownFileType = wrapper.xcframework; name = ffmpegkit.xcframework; path = Libraries/ffmpegkit.xcframework; sourceTree = "<group>"; };
		CED5EA1A285E8EA00014FB95 /* libswresample.xcframework */ = {isa = PBXFileReference; lastKnownFileType = wrapper.xcframework; name = libswresample.xcframework; path = Libraries/libswresample.xcframework; sourceTree = "<group>"; };
		CED5EA1B285E8EA00014FB95 /* libswscale.xcframework */ = {isa = PBXFileReference; lastKnownFileType = wrapper.xcframework; name = libswscale.xcframework; path = Libraries/libswscale.xcframework; sourceTree = "<group>"; };
		CED5EA1C285E8EA00014FB95 /* libavformat.xcframework */ = {isa = PBXFileReference; lastKnownFileType = wrapper.xcframework; name = libavformat.xcframework; path = Libraries/libavformat.xcframework; sourceTree = "<group>"; };
		CED5EA1D285E8EA00014FB95 /* libavcodec.xcframework */ = {isa = PBXFileReference; lastKnownFileType = wrapper.xcframework; name = libavcodec.xcframework; path = Libraries/libavcodec.xcframework; sourceTree = "<group>"; };
		CED5EA1E285E8EA00014FB95 /* libavdevice.xcframework */ = {isa = PBXFileReference; lastKnownFileType = wrapper.xcframework; name = libavdevice.xcframework; path = Libraries/libavdevice.xcframework; sourceTree = "<group>"; };
		CED5EA1F285E8EA10014FB95 /* libavutil.xcframework */ = {isa = PBXFileReference; lastKnownFileType = wrapper.xcframework; name = libavutil.xcframework; path = Libraries/libavutil.xcframework; sourceTree = "<group>"; };
/* End PBXFileReference section */

/* Begin PBXFrameworksBuildPhase section */
		CED5EA02285E8E690014FB95 /* Frameworks */ = {
			isa = PBXFrameworksBuildPhase;
			buildActionMask = 2147483647;
			files = (
				CED5EA2E285E8EA10014FB95 /* libavutil.xcframework in Frameworks */,
				CED5EA2C285E8EA10014FB95 /* libavdevice.xcframework in Frameworks */,
				CED5EA20285E8EA10014FB95 /* libavfilter.xcframework in Frameworks */,
				CED5EA2A285E8EA10014FB95 /* libavcodec.xcframework in Frameworks */,
				CED5EA24285E8EA10014FB95 /* libswresample.xcframework in Frameworks */,
				CED5EA26285E8EA10014FB95 /* libswscale.xcframework in Frameworks */,
				CED5EA22285E8EA10014FB95 /* ffmpegkit.xcframework in Frameworks */,
				CED5EA28285E8EA10014FB95 /* libavformat.xcframework in Frameworks */,
			);
			runOnlyForDeploymentPostprocessing = 0;
		};
/* End PBXFrameworksBuildPhase section */

/* Begin PBXGroup section */
		CE82CBC728602721009CB5B0 /* Assets */ = {
			isa = PBXGroup;
			children = (
				CE82CBC828602721009CB5B0 /* Source.m4v */,
			);
			path = Assets;
			sourceTree = "<group>";
		};
		CED5E9FC285E8E690014FB95 = {
			isa = PBXGroup;
			children = (
				CED5EA07285E8E690014FB95 /* TestFFmpegKitSwiftUI */,
				CED5EA06285E8E690014FB95 /* Products */,
				CED5EA17285E8EA00014FB95 /* Frameworks */,
			);
			sourceTree = "<group>";
		};
		CED5EA06285E8E690014FB95 /* Products */ = {
			isa = PBXGroup;
			children = (
				CED5EA05285E8E690014FB95 /* TestFFmpegKitSwiftUI.app */,
			);
			name = Products;
			sourceTree = "<group>";
		};
		CED5EA07285E8E690014FB95 /* TestFFmpegKitSwiftUI */ = {
			isa = PBXGroup;
			children = (
				CE82CBC728602721009CB5B0 /* Assets */,
				CED5EA08285E8E690014FB95 /* TestFFmpegKitSwiftUIApp.swift */,
				CED5EA0A285E8E690014FB95 /* ContentView.swift */,
				CED5EA0C285E8E6B0014FB95 /* Assets.xcassets */,
				CED5EA11285E8E6B0014FB95 /* TestFFmpegKitSwiftUI.entitlements */,
				CED5EA0E285E8E6B0014FB95 /* Preview Content */,
			);
			path = TestFFmpegKitSwiftUI;
			sourceTree = "<group>";
		};
		CED5EA0E285E8E6B0014FB95 /* Preview Content */ = {
			isa = PBXGroup;
			children = (
				CED5EA0F285E8E6B0014FB95 /* Preview Assets.xcassets */,
			);
			path = "Preview Content";
			sourceTree = "<group>";
		};
		CED5EA17285E8EA00014FB95 /* Frameworks */ = {
			isa = PBXGroup;
			children = (
				CED5EA19285E8EA00014FB95 /* ffmpegkit.xcframework */,
				CED5EA1D285E8EA00014FB95 /* libavcodec.xcframework */,
				CED5EA1E285E8EA00014FB95 /* libavdevice.xcframework */,
				CED5EA18285E8EA00014FB95 /* libavfilter.xcframework */,
				CED5EA1C285E8EA00014FB95 /* libavformat.xcframework */,
				CED5EA1F285E8EA10014FB95 /* libavutil.xcframework */,
				CED5EA1A285E8EA00014FB95 /* libswresample.xcframework */,
				CED5EA1B285E8EA00014FB95 /* libswscale.xcframework */,
			);
			name = Frameworks;
			sourceTree = "<group>";
		};
/* End PBXGroup section */

/* Begin PBXNativeTarget section */
		CED5EA04285E8E690014FB95 /* TestFFmpegKitSwiftUI */ = {
			isa = PBXNativeTarget;
			buildConfigurationList = CED5EA14285E8E6B0014FB95 /* Build configuration list for PBXNativeTarget "TestFFmpegKitSwiftUI" */;
			buildPhases = (
				CED5EA01285E8E690014FB95 /* Sources */,
				CED5EA02285E8E690014FB95 /* Frameworks */,
				CED5EA03285E8E690014FB95 /* Resources */,
				CED5EA30285E8EA10014FB95 /* Embed Frameworks */,
			);
			buildRules = (
			);
			dependencies = (
			);
			name = TestFFmpegKitSwiftUI;
			productName = TestFFmpegKitSwiftUI;
			productReference = CED5EA05285E8E690014FB95 /* TestFFmpegKitSwiftUI.app */;
			productType = "com.apple.product-type.application";
		};
/* End PBXNativeTarget section */

/* Begin PBXProject section */
		CED5E9FD285E8E690014FB95 /* Project object */ = {
			isa = PBXProject;
			attributes = {
				BuildIndependentTargetsInParallel = 1;
				LastSwiftUpdateCheck = 1330;
				LastUpgradeCheck = 1330;
				TargetAttributes = {
					CED5EA04285E8E690014FB95 = {
						CreatedOnToolsVersion = 13.3.1;
					};
				};
			};
			buildConfigurationList = CED5EA00285E8E690014FB95 /* Build configuration list for PBXProject "TestFFmpegKitSwiftUI" */;
			compatibilityVersion = "Xcode 13.0";
			developmentRegion = en;
			hasScannedForEncodings = 0;
			knownRegions = (
				en,
				Base,
			);
			mainGroup = CED5E9FC285E8E690014FB95;
			productRefGroup = CED5EA06285E8E690014FB95 /* Products */;
			projectDirPath = "";
			projectRoot = "";
			targets = (
				CED5EA04285E8E690014FB95 /* TestFFmpegKitSwiftUI */,
			);
		};
/* End PBXProject section */

/* Begin PBXResourcesBuildPhase section */
		CED5EA03285E8E690014FB95 /* Resources */ = {
			isa = PBXResourcesBuildPhase;
			buildActionMask = 2147483647;
			files = (
				CE82CBC928602721009CB5B0 /* Source.m4v in Resources */,
				CED5EA10285E8E6B0014FB95 /* Preview Assets.xcassets in Resources */,
				CED5EA0D285E8E6B0014FB95 /* Assets.xcassets in Resources */,
			);
			runOnlyForDeploymentPostprocessing = 0;
		};
/* End PBXResourcesBuildPhase section */

/* Begin PBXSourcesBuildPhase section */
		CED5EA01285E8E690014FB95 /* Sources */ = {
			isa = PBXSourcesBuildPhase;
			buildActionMask = 2147483647;
			files = (
				CED5EA0B285E8E690014FB95 /* ContentView.swift in Sources */,
				CED5EA09285E8E690014FB95 /* TestFFmpegKitSwiftUIApp.swift in Sources */,
			);
			runOnlyForDeploymentPostprocessing = 0;
		};
/* End PBXSourcesBuildPhase section */

/* Begin XCBuildConfiguration section */
		CED5EA12285E8E6B0014FB95 /* Debug */ = {
			isa = XCBuildConfiguration;
			buildSettings = {
				ALWAYS_SEARCH_USER_PATHS = NO;
				CLANG_ANALYZER_NONNULL = YES;
				CLANG_ANALYZER_NUMBER_OBJECT_CONVERSION = YES_AGGRESSIVE;
				CLANG_CXX_LANGUAGE_STANDARD = "gnu++17";
				CLANG_ENABLE_MODULES = YES;
				CLANG_ENABLE_OBJC_ARC = YES;
				CLANG_ENABLE_OBJC_WEAK = YES;
				CLANG_WARN_BLOCK_CAPTURE_AUTORELEASING = YES;
				CLANG_WARN_BOOL_CONVERSION = YES;
				CLANG_WARN_COMMA = YES;
				CLANG_WARN_CONSTANT_CONVERSION = YES;
				CLANG_WARN_DEPRECATED_OBJC_IMPLEMENTATIONS = YES;
				CLANG_WARN_DIRECT_OBJC_ISA_USAGE = YES_ERROR;
				CLANG_WARN_DOCUMENTATION_COMMENTS = YES;
				CLANG_WARN_EMPTY_BODY = YES;
				CLANG_WARN_ENUM_CONVERSION = YES;
				CLANG_WARN_INFINITE_RECURSION = YES;
				CLANG_WARN_INT_CONVERSION = YES;
				CLANG_WARN_NON_LITERAL_NULL_CONVERSION = YES;
				CLANG_WARN_OBJC_IMPLICIT_RETAIN_SELF = YES;
				CLANG_WARN_OBJC_LITERAL_CONVERSION = YES;
				CLANG_WARN_OBJC_ROOT_CLASS = YES_ERROR;
				CLANG_WARN_QUOTED_INCLUDE_IN_FRAMEWORK_HEADER = YES;
				CLANG_WARN_RANGE_LOOP_ANALYSIS = YES;
				CLANG_WARN_STRICT_PROTOTYPES = YES;
				CLANG_WARN_SUSPICIOUS_MOVE = YES;
				CLANG_WARN_UNGUARDED_AVAILABILITY = YES_AGGRESSIVE;
				CLANG_WARN_UNREACHABLE_CODE = YES;
				CLANG_WARN__DUPLICATE_METHOD_MATCH = YES;
				COPY_PHASE_STRIP = NO;
				DEBUG_INFORMATION_FORMAT = dwarf;
				ENABLE_STRICT_OBJC_MSGSEND = YES;
				ENABLE_TESTABILITY = YES;
				GCC_C_LANGUAGE_STANDARD = gnu11;
				GCC_DYNAMIC_NO_PIC = NO;
				GCC_NO_COMMON_BLOCKS = YES;
				GCC_OPTIMIZATION_LEVEL = 0;
				GCC_PREPROCESSOR_DEFINITIONS = (
					"DEBUG=1",
					"$(inherited)",
				);
				GCC_WARN_64_TO_32_BIT_CONVERSION = YES;
				GCC_WARN_ABOUT_RETURN_TYPE = YES_ERROR;
				GCC_WARN_UNDECLARED_SELECTOR = YES;
				GCC_WARN_UNINITIALIZED_AUTOS = YES_AGGRESSIVE;
				GCC_WARN_UNUSED_FUNCTION = YES;
				GCC_WARN_UNUSED_VARIABLE = YES;
				MACOSX_DEPLOYMENT_TARGET = 12.3;
				MTL_ENABLE_DEBUG_INFO = INCLUDE_SOURCE;
				MTL_FAST_MATH = YES;
				ONLY_ACTIVE_ARCH = YES;
				SDKROOT = macosx;
				SWIFT_ACTIVE_COMPILATION_CONDITIONS = DEBUG;
				SWIFT_OPTIMIZATION_LEVEL = "-Onone";
			};
			name = Debug;
		};
		CED5EA13285E8E6B0014FB95 /* Release */ = {
			isa = XCBuildConfiguration;
			buildSettings = {
				ALWAYS_SEARCH_USER_PATHS = NO;
				CLANG_ANALYZER_NONNULL = YES;
				CLANG_ANALYZER_NUMBER_OBJECT_CONVERSION = YES_AGGRESSIVE;
				CLANG_CXX_LANGUAGE_STANDARD = "gnu++17";
				CLANG_ENABLE_MODULES = YES;
				CLANG_ENABLE_OBJC_ARC = YES;
				CLANG_ENABLE_OBJC_WEAK = YES;
				CLANG_WARN_BLOCK_CAPTURE_AUTORELEASING = YES;
				CLANG_WARN_BOOL_CONVERSION = YES;
				CLANG_WARN_COMMA = YES;
				CLANG_WARN_CONSTANT_CONVERSION = YES;
				CLANG_WARN_DEPRECATED_OBJC_IMPLEMENTATIONS = YES;
				CLANG_WARN_DIRECT_OBJC_ISA_USAGE = YES_ERROR;
				CLANG_WARN_DOCUMENTATION_COMMENTS = YES;
				CLANG_WARN_EMPTY_BODY = YES;
				CLANG_WARN_ENUM_CONVERSION = YES;
				CLANG_WARN_INFINITE_RECURSION = YES;
				CLANG_WARN_INT_CONVERSION = YES;
				CLANG_WARN_NON_LITERAL_NULL_CONVERSION = YES;
				CLANG_WARN_OBJC_IMPLICIT_RETAIN_SELF = YES;
				CLANG_WARN_OBJC_LITERAL_CONVERSION = YES;
				CLANG_WARN_OBJC_ROOT_CLASS = YES_ERROR;
				CLANG_WARN_QUOTED_INCLUDE_IN_FRAMEWORK_HEADER = YES;
				CLANG_WARN_RANGE_LOOP_ANALYSIS = YES;
				CLANG_WARN_STRICT_PROTOTYPES = YES;
				CLANG_WARN_SUSPICIOUS_MOVE = YES;
				CLANG_WARN_UNGUARDED_AVAILABILITY = YES_AGGRESSIVE;
				CLANG_WARN_UNREACHABLE_CODE = YES;
				CLANG_WARN__DUPLICATE_METHOD_MATCH = YES;
				COPY_PHASE_STRIP = NO;
				DEBUG_INFORMATION_FORMAT = "dwarf-with-dsym";
				ENABLE_NS_ASSERTIONS = NO;
				ENABLE_STRICT_OBJC_MSGSEND = YES;
				GCC_C_LANGUAGE_STANDARD = gnu11;
				GCC_NO_COMMON_BLOCKS = YES;
				GCC_WARN_64_TO_32_BIT_CONVERSION = YES;
				GCC_WARN_ABOUT_RETURN_TYPE = YES_ERROR;
				GCC_WARN_UNDECLARED_SELECTOR = YES;
				GCC_WARN_UNINITIALIZED_AUTOS = YES_AGGRESSIVE;
				GCC_WARN_UNUSED_FUNCTION = YES;
				GCC_WARN_UNUSED_VARIABLE = YES;
				MACOSX_DEPLOYMENT_TARGET = 12.3;
				MTL_ENABLE_DEBUG_INFO = NO;
				MTL_FAST_MATH = YES;
				SDKROOT = macosx;
				SWIFT_COMPILATION_MODE = wholemodule;
				SWIFT_OPTIMIZATION_LEVEL = "-O";
			};
			name = Release;
		};
		CED5EA15285E8E6B0014FB95 /* Debug */ = {
			isa = XCBuildConfiguration;
			buildSettings = {
				ASSETCATALOG_COMPILER_APPICON_NAME = AppIcon;
				ASSETCATALOG_COMPILER_GLOBAL_ACCENT_COLOR_NAME = AccentColor;
				CODE_SIGN_ENTITLEMENTS = TestFFmpegKitSwiftUI/TestFFmpegKitSwiftUI.entitlements;
				CODE_SIGN_STYLE = Automatic;
				COMBINE_HIDPI_IMAGES = YES;
				CURRENT_PROJECT_VERSION = 1;
				DEVELOPMENT_ASSET_PATHS = "\"TestFFmpegKitSwiftUI/Preview Content\"";
				DEVELOPMENT_TEAM = YWXH886EY3;
				ENABLE_HARDENED_RUNTIME = YES;
				ENABLE_PREVIEWS = YES;
				GENERATE_INFOPLIST_FILE = YES;
				INFOPLIST_KEY_NSHumanReadableCopyright = "";
				LD_RUNPATH_SEARCH_PATHS = (
					"$(inherited)",
					"@executable_path/../Frameworks",
				);
				MARKETING_VERSION = 1.0;
				PRODUCT_BUNDLE_IDENTIFIER = org.kaizen.TestFFmpegKitSwiftUI;
				PRODUCT_NAME = "$(TARGET_NAME)";
				SWIFT_EMIT_LOC_STRINGS = YES;
				SWIFT_VERSION = 5.0;
			};
			name = Debug;
		};
		CED5EA16285E8E6B0014FB95 /* Release */ = {
			isa = XCBuildConfiguration;
			buildSettings = {
				ASSETCATALOG_COMPILER_APPICON_NAME = AppIcon;
				ASSETCATALOG_COMPILER_GLOBAL_ACCENT_COLOR_NAME = AccentColor;
				CODE_SIGN_ENTITLEMENTS = TestFFmpegKitSwiftUI/TestFFmpegKitSwiftUI.entitlements;
				CODE_SIGN_STYLE = Automatic;
				COMBINE_HIDPI_IMAGES = YES;
				CURRENT_PROJECT_VERSION = 1;
				DEVELOPMENT_ASSET_PATHS = "\"TestFFmpegKitSwiftUI/Preview Content\"";
				DEVELOPMENT_TEAM = YWXH886EY3;
				ENABLE_HARDENED_RUNTIME = YES;
				ENABLE_PREVIEWS = YES;
				GENERATE_INFOPLIST_FILE = YES;
				INFOPLIST_KEY_NSHumanReadableCopyright = "";
				LD_RUNPATH_SEARCH_PATHS = (
					"$(inherited)",
					"@executable_path/../Frameworks",
				);
				MARKETING_VERSION = 1.0;
				PRODUCT_BUNDLE_IDENTIFIER = org.kaizen.TestFFmpegKitSwiftUI;
				PRODUCT_NAME = "$(TARGET_NAME)";
				SWIFT_EMIT_LOC_STRINGS = YES;
				SWIFT_VERSION = 5.0;
			};
			name = Release;
		};
/* End XCBuildConfiguration section */

/* Begin XCConfigurationList section */
		CED5EA00285E8E690014FB95 /* Build configuration list for PBXProject "TestFFmpegKitSwiftUI" */ = {
			isa = XCConfigurationList;
			buildConfigurations = (
				CED5EA12285E8E6B0014FB95 /* Debug */,
				CED5EA13285E8E6B0014FB95 /* Release */,
			);
			defaultConfigurationIsVisible = 0;
			defaultConfigurationName = Release;
		};
		CED5EA14285E8E6B0014FB95 /* Build configuration list for PBXNativeTarget "TestFFmpegKitSwiftUI" */ = {
			isa = XCConfigurationList;
			buildConfigurations = (
				CED5EA15285E8E6B0014FB95 /* Debug */,
				CED5EA16285E8E6B0014FB95 /* Release */,
			);
			defaultConfigurationIsVisible = 0;
			defaultConfigurationName = Release;
		};
/* End XCConfigurationList section */
	};
	rootObject = CED5E9FD285E8E690014FB95 /* Project object */;
}
